Microsoft Visual Studio Solution File, Format Version 12.00
# Visual Studio Version 17
VisualStudioVersion = 17.5.2.0
MinimumVisualStudioVersion = 10.0.40219.1
Project("{FAE04EC0-301F-11D3-BF4B-00C04F79EFBC}") = "SinProjVisualizer", "SinProjVisualizer.csproj", "{C6AC8080-8FAF-EC49-D872-C2B86B8B55F3}"
EndProject
Global
	GlobalSection(SolutionConfigurationPlatforms) = preSolution
		Debug|Any CPU = Debug|Any CPU
		Release|Any CPU = Release|Any CPU
	EndGlobalSection
	GlobalSection(ProjectConfigurationPlatforms) = postSolution
		{C6AC8080-8FAF-EC49-D872-C2B86B8B55F3}.Debug|Any CPU.ActiveCfg = Debug|Any CPU
		{C6AC8080-8FAF-EC49-D872-C2B86B8B55F3}.Debug|Any CPU.Build.0 = Debug|Any CPU
		{C6AC8080-8FAF-EC49-D872-C2B86B8B55F3}.Release|Any CPU.ActiveCfg = Release|Any CPU
		{C6AC8080-8FAF-EC49-D872-C2B86B8B55F3}.Release|Any CPU.Build.0 = Release|Any CPU
	EndGlobalSection
	GlobalSection(SolutionProperties) = preSolution
		HideSolutionNode = FALSE
	EndGlobalSection
	GlobalSection(ExtensibilityGlobals) = postSolution
		SolutionGuid = {794FEC42-AA6A-428F-AD5C-3B036DAEBC81}
	EndGlobalSection
EndGlobal
