Microsoft Visual Studio Solution File, Format Version 12.00
# Visual Studio Version 17
VisualStudioVersion = 17.5.2.0
MinimumVisualStudioVersion = 10.0.40219.1
Project("{FAE04EC0-301F-11D3-BF4B-00C04F79EFBC}") = "LineOfBestFit", "LineOfBestFit.csproj", "{C0B1A4E3-B310-D3AC-DD64-7C624C93A401}"
EndProject
Global
	GlobalSection(SolutionConfigurationPlatforms) = preSolution
		Debug|Any CPU = Debug|Any CPU
		Release|Any CPU = Release|Any CPU
	EndGlobalSection
	GlobalSection(ProjectConfigurationPlatforms) = postSolution
		{C0B1A4E3-B310-D3AC-DD64-7C624C93A401}.Debug|Any CPU.ActiveCfg = Debug|Any CPU
		{C0B1A4E3-B310-D3AC-DD64-7C624C93A401}.Debug|Any CPU.Build.0 = Debug|Any CPU
		{C0B1A4E3-B310-D3AC-DD64-7C624C93A401}.Release|Any CPU.ActiveCfg = Release|Any CPU
		{C0B1A4E3-B310-D3AC-DD64-7C624C93A401}.Release|Any CPU.Build.0 = Release|Any CPU
	EndGlobalSection
	GlobalSection(SolutionProperties) = preSolution
		HideSolutionNode = FALSE
	EndGlobalSection
	GlobalSection(ExtensibilityGlobals) = postSolution
		SolutionGuid = {B15A3058-5812-44BE-B5F0-4168AC48310E}
	EndGlobalSection
EndGlobal
